
Microsoft Visual Studio Solution File, Format Version 12.00
# Visual Studio Version 17
VisualStudioVersion = 17.8.34330.188
MinimumVisualStudioVersion = 10.0.40219.1
Project("{FAE04EC0-301F-11D3-BF4B-00C04F79EFBC}") = "AutoMapperProject", "AutoMapperProject\AutoMapperProject.csproj", "{043FCD40-5EB8-45CB-92CE-2518C087E82E}"
EndProject
Global
	GlobalSection(SolutionConfigurationPlatforms) = preSolution
		Debug|Any CPU = Debug|Any CPU
		Release|Any CPU = Release|Any CPU
	EndGlobalSection
	GlobalSection(ProjectConfigurationPlatforms) = postSolution
		{043FCD40-5EB8-45CB-92CE-2518C087E82E}.Debug|Any CPU.ActiveCfg = Debug|Any CPU
		{043FCD40-5EB8-45CB-92CE-2518C087E82E}.Debug|Any CPU.Build.0 = Debug|Any CPU
		{043FCD40-5EB8-45CB-92CE-2518C087E82E}.Release|Any CPU.ActiveCfg = Release|Any CPU
		{043FCD40-5EB8-45CB-92CE-2518C087E82E}.Release|Any CPU.Build.0 = Release|Any CPU
	EndGlobalSection
	GlobalSection(SolutionProperties) = preSolution
		HideSolutionNode = FALSE
	EndGlobalSection
	GlobalSection(ExtensibilityGlobals) = postSolution
		SolutionGuid = {5BED2E42-661C-44B2-B3B4-1EBEE3C29B1A}
	EndGlobalSection
EndGlobal
