
Microsoft Visual Studio Solution File, Format Version 12.00
# Visual Studio Version 17
VisualStudioVersion = 17.8.34330.188
MinimumVisualStudioVersion = 10.0.40219.1
Project("{FAE04EC0-301F-11D3-BF4B-00C04F79EFBC}") = "foreignkeyrelationship_student_skills", "foreignkeyrelationship_student_skills\foreignkeyrelationship_student_skills.csproj", "{5D05F140-2DDE-4904-A515-0E2A349C9F7D}"
EndProject
Global
	GlobalSection(SolutionConfigurationPlatforms) = preSolution
		Debug|Any CPU = Debug|Any CPU
		Release|Any CPU = Release|Any CPU
	EndGlobalSection
	GlobalSection(ProjectConfigurationPlatforms) = postSolution
		{5D05F140-2DDE-4904-A515-0E2A349C9F7D}.Debug|Any CPU.ActiveCfg = Debug|Any CPU
		{5D05F140-2DDE-4904-A515-0E2A349C9F7D}.Debug|Any CPU.Build.0 = Debug|Any CPU
		{5D05F140-2DDE-4904-A515-0E2A349C9F7D}.Release|Any CPU.ActiveCfg = Release|Any CPU
		{5D05F140-2DDE-4904-A515-0E2A349C9F7D}.Release|Any CPU.Build.0 = Release|Any CPU
	EndGlobalSection
	GlobalSection(SolutionProperties) = preSolution
		HideSolutionNode = FALSE
	EndGlobalSection
	GlobalSection(ExtensibilityGlobals) = postSolution
		SolutionGuid = {0C32B91E-1E02-4A17-8DA5-DC516A3F3EDB}
	EndGlobalSection
EndGlobal
